{
  "nodes": {
    "flake-utils": {
      "inputs": {
        "systems": "systems"
      },
      "locked": {
        "lastModified": 1731533236,
        "narHash": "sha256-l0KFg5HjrsfsO/JpG+r7fRrqm12kzFHyUHqHCVpMMbI=",
        "owner": "numtide",
        "repo": "flake-utils",
        "rev": "11707dc2f618dd54ca8739b309ec4fc024de578b",
        "type": "github"
      },
      "original": {
        "owner": "numtide",
        "repo": "flake-utils",
        "type": "github"
      }
    },
    "gamelauncher": {
      "inputs": {
        "flake-utils": [
          "flake-utils"
        ],
        "nixpkgs": [
          "nixpkgs"
        ]
      },
      "locked": {
        "lastModified": 1742749541,
        "narHash": "sha256-IHXotZ7xCoV7bo2MUwtVy2GPM7293/+NpQnWdqGcBr8=",
        "owner": "mbish",
        "repo": "gamelauncher",
        "rev": "b8fc18f038e23a22781a4b3a2ebea635a83b562a",
        "type": "github"
      },
      "original": {
        "owner": "mbish",
        "repo": "gamelauncher",
        "type": "github"
      }
    },
    "moltengamepad": {
      "inputs": {
        "nixpkgs": "nixpkgs"
      },
      "locked": {
        "lastModified": 1721579835,
        "narHash": "sha256-b9PM+/gTVYdp59ZHCYtR5EqggrBDELrgcW1T3txoXw4=",
        "owner": "mbish",
        "repo": "MoltenGamepad",
        "rev": "3f83c3055362dfb045e478a5d1000c564749c901",
        "type": "github"
      },
      "original": {
        "owner": "mbish",
        "repo": "MoltenGamepad",
        "type": "github"
      }
    },
    "moltengamepadctl": {
      "inputs": {
        "nixpkgs": "nixpkgs_2"
      },
      "locked": {
        "lastModified": 1721588116,
        "narHash": "sha256-nTy0yoWfP6UBpQ05yLV765axdHUgx5Hjw/m3aTFc1+8=",
        "owner": "mbish",
        "repo": "moltengamepadctl",
        "rev": "dd62048e290fe73bf22f84a12cc5d433db635043",
        "type": "github"
      },
      "original": {
        "owner": "mbish",
        "repo": "moltengamepadctl",
        "type": "github"
      }
    },
    "mp64-convert": {
      "flake": false,
      "locked": {
        "lastModified": 1725409089,
        "narHash": "sha256-4V6IUGuRFUA6b52bvpKZ+udmq+Fr+XYBpoxHhh13KUc=",
        "owner": "drehren",
        "repo": "ra_mp64_srm_convert",
        "rev": "83db9677a31100ba651b856a302950780f8f8294",
        "type": "github"
      },
      "original": {
        "owner": "drehren",
        "ref": "v1.1.1",
        "repo": "ra_mp64_srm_convert",
        "type": "github"
      }
    },
    "nixpkgs": {
      "locked": {
        "lastModified": 1720535198,
        "narHash": "sha256-zwVvxrdIzralnSbcpghA92tWu2DV2lwv89xZc8MTrbg=",
        "owner": "nixos",
        "repo": "nixpkgs",
        "rev": "205fd4226592cc83fd4c0885a3e4c9c400efabb5",
        "type": "github"
      },
      "original": {
        "owner": "nixos",
        "ref": "nixos-23.11",
        "repo": "nixpkgs",
        "type": "github"
      }
    },
    "nixpkgs_2": {
      "locked": {
        "lastModified": 1720535198,
        "narHash": "sha256-zwVvxrdIzralnSbcpghA92tWu2DV2lwv89xZc8MTrbg=",
        "owner": "nixos",
        "repo": "nixpkgs",
        "rev": "205fd4226592cc83fd4c0885a3e4c9c400efabb5",
        "type": "github"
      },
      "original": {
        "owner": "nixos",
        "ref": "nixos-23.11",
        "repo": "nixpkgs",
        "type": "github"
      }
    },
    "nixpkgs_3": {
      "locked": {
        "lastModified": 1744098102,
        "narHash": "sha256-tzCdyIJj9AjysC3OuKA+tMD/kDEDAF9mICPDU7ix0JA=",
        "owner": "NixOS",
        "repo": "nixpkgs",
        "rev": "c8cd81426f45942bb2906d5ed2fe21d2f19d95b7",
        "type": "github"
      },
      "original": {
        "id": "nixpkgs",
        "ref": "nixos-unstable",
        "type": "indirect"
      }
    },
    "oxyromon": {
      "flake": false,
      "locked": {
        "lastModified": 1740480791,
        "narHash": "sha256-OLgeHTQBLonzAuLfvdOSBpmdIGL8iEPnW1Rxn5poyiU=",
        "owner": "alucryd",
        "repo": "oxyromon",
        "rev": "60db2c58a16f8d03ad51d2818acb0a979280a56f",
        "type": "github"
      },
      "original": {
        "owner": "alucryd",
        "ref": "develop",
        "repo": "oxyromon",
        "type": "github"
      }
    },
    "pegasus-frontend": {
      "flake": false,
      "locked": {
        "lastModified": 1743450861,
        "narHash": "sha256-H3dohbcSMdo7n7ocMOmEitU5CN/Ch6ucd8giSEwrDkA=",
        "ref": "refs/heads/master",
        "rev": "66433328e8524b62546802990a7f316f37f879dd",
        "revCount": 1952,
        "submodules": true,
        "type": "git",
        "url": "https://github.com/mmatyas/pegasus-frontend.git?rev=weekly_2024w38"
      },
      "original": {
        "submodules": true,
        "type": "git",
        "url": "https://github.com/mmatyas/pegasus-frontend.git?rev=weekly_2024w38"
      }
    },
    "root": {
      "inputs": {
        "flake-utils": "flake-utils",
        "gamelauncher": "gamelauncher",
        "moltengamepad": "moltengamepad",
        "moltengamepadctl": "moltengamepadctl",
        "mp64-convert": "mp64-convert",
        "nixpkgs": "nixpkgs_3",
        "oxyromon": "oxyromon",
        "pegasus-frontend": "pegasus-frontend",
        "skyscraper": "skyscraper"
      }
    },
    "skyscraper": {
      "flake": false,
      "locked": {
        "lastModified": 1666743560,
        "narHash": "sha256-DAg8UrEqlixyQFdGEAV5p1QJDUZq/Ubd5meBU6nAp00=",
        "owner": "detain",
        "repo": "skyscraper",
        "rev": "654a31be0a6c4527fbd8e9d7fefb88ce54fd513a",
        "type": "github"
      },
      "original": {
        "owner": "detain",
        "repo": "skyscraper",
        "type": "github"
      }
    },
    "systems": {
      "locked": {
        "lastModified": 1681028828,
        "narHash": "sha256-Vy1rq5AaRuLzOxct8nz4T6wlgyUR7zLU309k9mBC768=",
        "owner": "nix-systems",
        "repo": "default",
        "rev": "da67096a3b9bf56a91d16901293e51ba5b49a27e",
        "type": "github"
      },
      "original": {
        "owner": "nix-systems",
        "repo": "default",
        "type": "github"
      }
    }
  },
  "root": "root",
  "version": 7
}
