{
  "nodes": {
    "flake-utils": {
      "inputs": {
        "systems": "systems"
      },
      "locked": {
        "lastModified": 1731533236,
        "narHash": "sha256-l0KFg5HjrsfsO/JpG+r7fRrqm12kzFHyUHqHCVpMMbI=",
        "owner": "numtide",
        "repo": "flake-utils",
        "rev": "11707dc2f618dd54ca8739b309ec4fc024de578b",
        "type": "github"
      },
      "original": {
        "owner": "numtide",
        "repo": "flake-utils",
        "type": "github"
      }
    },
    "gamelauncher": {
      "inputs": {
        "flake-utils": [
          "flake-utils"
        ],
        "nixpkgs": [
          "nixpkgs"
        ]
      },
      "locked": {
        "lastModified": 1777275903,
        "narHash": "sha256-aPPCVs1mDEvbMLddvoBoAnjKW8uYu0L6tMOHGZFd+pI=",
        "owner": "mbish",
        "repo": "gamelauncher",
        "rev": "8f37728f89d323035f50f0732366ef32b124d9e0",
        "type": "github"
      },
      "original": {
        "owner": "mbish",
        "repo": "gamelauncher",
        "type": "github"
      }
    },
    "moltengamepad": {
      "inputs": {
        "nixpkgs": "nixpkgs"
      },
      "locked": {
        "lastModified": 1777274939,
        "narHash": "sha256-D65fJrw9fBJhqrn97ZrDjRU5NAZDBCvCFBaVz6J7DU8=",
        "owner": "mbish",
        "repo": "MoltenGamepad",
        "rev": "17316343ee5d21d3355f96902c24daaca9544975",
        "type": "github"
      },
      "original": {
        "owner": "mbish",
        "repo": "MoltenGamepad",
        "type": "github"
      }
    },
    "moltengamepadctl": {
      "inputs": {
        "nixpkgs": "nixpkgs_2"
      },
      "locked": {
        "lastModified": 1777274462,
        "narHash": "sha256-/wL7C8cgMC91wdm0XE/h5Fz1PIduGs59r9vgo8bXDUc=",
        "owner": "mbish",
        "repo": "moltengamepadctl",
        "rev": "cf97f33650931c96c4eb0e85a6916bd4c51255cb",
        "type": "github"
      },
      "original": {
        "owner": "mbish",
        "repo": "moltengamepadctl",
        "type": "github"
      }
    },
    "mp64-convert": {
      "flake": false,
      "locked": {
        "lastModified": 1725409089,
        "narHash": "sha256-4V6IUGuRFUA6b52bvpKZ+udmq+Fr+XYBpoxHhh13KUc=",
        "owner": "drehren",
        "repo": "ra_mp64_srm_convert",
        "rev": "83db9677a31100ba651b856a302950780f8f8294",
        "type": "github"
      },
      "original": {
        "owner": "drehren",
        "ref": "v1.1.1",
        "repo": "ra_mp64_srm_convert",
        "type": "github"
      }
    },
    "nixpkgs": {
      "locked": {
        "lastModified": 1776877367,
        "narHash": "sha256-EHq1/OX139R1RvBzOJ0aMRT3xnWyqtHBRUBuO1gFzjI=",
        "owner": "nixos",
        "repo": "nixpkgs",
        "rev": "0726a0ecb6d4e08f6adced58726b95db924cef57",
        "type": "github"
      },
      "original": {
        "owner": "nixos",
        "ref": "nixos-unstable",
        "repo": "nixpkgs",
        "type": "github"
      }
    },
    "nixpkgs_2": {
      "locked": {
        "lastModified": 1776877367,
        "narHash": "sha256-EHq1/OX139R1RvBzOJ0aMRT3xnWyqtHBRUBuO1gFzjI=",
        "owner": "nixos",
        "repo": "nixpkgs",
        "rev": "0726a0ecb6d4e08f6adced58726b95db924cef57",
        "type": "github"
      },
      "original": {
        "owner": "nixos",
        "ref": "nixos-unstable",
        "repo": "nixpkgs",
        "type": "github"
      }
    },
    "nixpkgs_3": {
      "locked": {
        "lastModified": 1744098102,
        "narHash": "sha256-tzCdyIJj9AjysC3OuKA+tMD/kDEDAF9mICPDU7ix0JA=",
        "owner": "NixOS",
        "repo": "nixpkgs",
        "rev": "c8cd81426f45942bb2906d5ed2fe21d2f19d95b7",
        "type": "github"
      },
      "original": {
        "id": "nixpkgs",
        "ref": "nixos-unstable",
        "type": "indirect"
      }
    },
    "oxyromon": {
      "flake": false,
      "locked": {
        "lastModified": 1740480791,
        "narHash": "sha256-OLgeHTQBLonzAuLfvdOSBpmdIGL8iEPnW1Rxn5poyiU=",
        "owner": "alucryd",
        "repo": "oxyromon",
        "rev": "60db2c58a16f8d03ad51d2818acb0a979280a56f",
        "type": "github"
      },
      "original": {
        "owner": "alucryd",
        "ref": "develop",
        "repo": "oxyromon",
        "type": "github"
      }
    },
    "pegasus-frontend": {
      "flake": false,
      "locked": {
        "lastModified": 1776024846,
        "narHash": "sha256-VyaY7KdliGeyqj4mWJFlDci8wHbcy2Rgge/lbnxikUA=",
        "ref": "refs/heads/master",
        "rev": "6740ab6506f2a3f1139f3ee0db10c99c818ab5c2",
        "revCount": 1960,
        "submodules": true,
        "type": "git",
        "url": "https://github.com/mmatyas/pegasus-frontend.git"
      },
      "original": {
        "submodules": true,
        "type": "git",
        "url": "https://github.com/mmatyas/pegasus-frontend.git"
      }
    },
    "root": {
      "inputs": {
        "flake-utils": "flake-utils",
        "gamelauncher": "gamelauncher",
        "moltengamepad": "moltengamepad",
        "moltengamepadctl": "moltengamepadctl",
        "mp64-convert": "mp64-convert",
        "nixpkgs": "nixpkgs_3",
        "oxyromon": "oxyromon",
        "pegasus-frontend": "pegasus-frontend",
        "skyscraper": "skyscraper"
      }
    },
    "skyscraper": {
      "flake": false,
      "locked": {
        "lastModified": 1666743560,
        "narHash": "sha256-DAg8UrEqlixyQFdGEAV5p1QJDUZq/Ubd5meBU6nAp00=",
        "owner": "detain",
        "repo": "skyscraper",
        "rev": "654a31be0a6c4527fbd8e9d7fefb88ce54fd513a",
        "type": "github"
      },
      "original": {
        "owner": "detain",
        "repo": "skyscraper",
        "type": "github"
      }
    },
    "systems": {
      "locked": {
        "lastModified": 1681028828,
        "narHash": "sha256-Vy1rq5AaRuLzOxct8nz4T6wlgyUR7zLU309k9mBC768=",
        "owner": "nix-systems",
        "repo": "default",
        "rev": "da67096a3b9bf56a91d16901293e51ba5b49a27e",
        "type": "github"
      },
      "original": {
        "owner": "nix-systems",
        "repo": "default",
        "type": "github"
      }
    }
  },
  "root": "root",
  "version": 7
}
